<?xml version="1.0" encoding="utf-8"?>
<Project ToolsVersion="4.0" xmlns="http://schemas.microsoft.com/developer/msbuild/2003">
  <ItemGroup>
    <Filter Include="Source Files">
      <UniqueIdentifier>{4FC737F1-C7A5-4376-A066-2A32D752A2FF}</UniqueIdentifier>
      <Extensions>cpp;c;cc;cxx;c++;cppm;ixx;def;odl;idl;hpj;bat;asm;asmx</Extensions>
    </Filter>
    <Filter Include="Header Files">
      <UniqueIdentifier>{93995380-89BD-4b04-88EB-625FBE52EBFB}</UniqueIdentifier>
      <Extensions>h;hh;hpp;hxx;h++;hm;inl;inc;ipp;xsd</Extensions>
    </Filter>
    <Filter Include="Resource Files">
      <UniqueIdentifier>{67DA6AB6-F800-4c08-8B7A-83BB121AAD01}</UniqueIdentifier>
      <Extensions>rc;ico;cur;bmp;dlg;rc2;rct;bin;rgs;gif;jpg;jpeg;jpe;resx;tiff;tif;png;wav;mfcribbon-ms</Extensions>
    </Filter>
    <Filter Include="Source Files\Cudheart">
      <UniqueIdentifier>{a5b98f8f-9327-4027-9960-b4caa2ac3145}</UniqueIdentifier>
    </Filter>
    <Filter Include="Source Files\Cudheart\test">
      <UniqueIdentifier>{08c1beae-5b73-480b-9cbe-c76f970fdd74}</UniqueIdentifier>
    </Filter>
    <Filter Include="Source Files\Cudheart\utils">
      <UniqueIdentifier>{abf6a6f1-8112-4f24-9e68-48dead9c651f}</UniqueIdentifier>
    </Filter>
  </ItemGroup>
  <ItemGroup>
    <ClCompile Include="src\main.cpp">
      <Filter>Source Files</Filter>
    </ClCompile>
    <ClCompile Include="src\Cudheart\Utils\exception.cpp">
      <Filter>Source Files\Cudheart\utils</Filter>
    </ClCompile>
    <ClCompile Include="src\Cudheart\Test\test.cpp">
      <Filter>Source Files\Cudheart\test</Filter>
    </ClCompile>
    <ClCompile Include="src\Cudheart\Utils\utils.cpp">
      <Filter>Source Files</Filter>
    </ClCompile>
    <ClCompile Include="src\Cudheart\Core\math.cpp">
      <Filter>Source Files</Filter>
    </ClCompile>
    <ClCompile Include="src\Cudheart\Core\rand.cpp">
      <Filter>Source Files</Filter>
    </ClCompile>
    <ClCompile Include="src\Cudheart\Core\creation.cpp">
      <Filter>Source Files</Filter>
    </ClCompile>
    <ClCompile Include="src\Cudheart\CLib\CVector.cpp">
      <Filter>Source Files</Filter>
    </ClCompile>
    <ClCompile Include="src\Cudheart\Core\Shape.cpp">
      <Filter>Source Files</Filter>
    </ClCompile>
    <ClCompile Include="src\Cudheart\Dtypes\Dtype.cpp">
      <Filter>Source Files</Filter>
    </ClCompile>
  </ItemGroup>
  <ItemGroup>
    <ClInclude Include="src\Cudheart\Cudheart.h">
      <Filter>Source Files\Cudheart</Filter>
    </ClInclude>
    <ClInclude Include="src\Cudheart\Utils\utils.h">
      <Filter>Source Files\Cudheart\utils</Filter>
    </ClInclude>
    <ClInclude Include="src\Cudheart\Utils\exception.h">
      <Filter>Source Files\Cudheart\utils</Filter>
    </ClInclude>
    <ClInclude Include="src\Cudheart\Test\test.h">
      <Filter>Source Files\Cudheart\test</Filter>
    </ClInclude>
    <ClInclude Include="src\Cudheart\Core\core.h">
      <Filter>Header Files</Filter>
    </ClInclude>
    <ClInclude Include="src\Cudheart\Core\lib.h">
      <Filter>Header Files</Filter>
    </ClInclude>
    <ClInclude Include="src\Cudheart\Core\math.h">
      <Filter>Header Files</Filter>
    </ClInclude>
    <ClInclude Include="src\Cudheart\Core\rand.h">
      <Filter>Header Files</Filter>
    </ClInclude>
    <ClInclude Include="src\Cudheart\Core\creation.h">
      <Filter>Header Files</Filter>
    </ClInclude>
    <ClInclude Include="src\Cudheart\CLib\CLib.h">
      <Filter>Header Files</Filter>
    </ClInclude>
    <ClInclude Include="src\Cudheart\CLib\cmath.h">
      <Filter>Header Files</Filter>
    </ClInclude>
    <ClInclude Include="src\Cudheart\CLib\CVector.h">
      <Filter>Header Files</Filter>
    </ClInclude>
    <ClInclude Include="src\Cudheart\Core\Shape.h">
      <Filter>Header Files</Filter>
    </ClInclude>
    <ClInclude Include="src\Cudheart\Dtypes\Dtype.h">
      <Filter>Header Files</Filter>
    </ClInclude>
  </ItemGroup>
</Project>