
Microsoft Visual Studio Solution File, Format Version 12.00
# Visual Studio Version 17
VisualStudioVersion = 17.3.32611.2
MinimumVisualStudioVersion = 10.0.40219.1
Project("{8BC9CEB8-8B4A-11D0-8D11-00A0C91BC942}") = "CudaRuntime1", "CudaRuntime1.vcxproj", "{4F3416DC-1A39-4D27-BDAA-A2C931D4BD20}"
EndProject
Global
	GlobalSection(SolutionConfigurationPlatforms) = preSolution
		Debug|x64 = Debug|x64
		Release|x64 = Release|x64
	EndGlobalSection
	GlobalSection(ProjectConfigurationPlatforms) = postSolution
		{4F3416DC-1A39-4D27-BDAA-A2C931D4BD20}.Debug|x64.ActiveCfg = Debug|x64
		{4F3416DC-1A39-4D27-BDAA-A2C931D4BD20}.Debug|x64.Build.0 = Debug|x64
		{4F3416DC-1A39-4D27-BDAA-A2C931D4BD20}.Release|x64.ActiveCfg = Release|x64
		{4F3416DC-1A39-4D27-BDAA-A2C931D4BD20}.Release|x64.Build.0 = Release|x64
	EndGlobalSection
	GlobalSection(SolutionProperties) = preSolution
		HideSolutionNode = FALSE
	EndGlobalSection
	GlobalSection(ExtensibilityGlobals) = postSolution
		SolutionGuid = {C382B33A-9852-4040-A182-2EABC50A1394}
	EndGlobalSection
EndGlobal
