<?xml version="1.0" encoding="utf-8"?>
<Project ToolsVersion="4.0" xmlns="http://schemas.microsoft.com/developer/msbuild/2003">
  <ItemGroup>
    <Filter Include="Cudheart">
      <UniqueIdentifier>{ad80ea5d-e19b-40a8-a4b8-5845ca4bd99c}</UniqueIdentifier>
    </Filter>
    <Filter Include="Sample">
      <UniqueIdentifier>{d311997a-5c3d-48b8-b431-4f7d9ee732b3}</UniqueIdentifier>
    </Filter>
  </ItemGroup>
  <ItemGroup>
    <ClInclude Include="Sample\kernel.cuh">
      <Filter>Sample</Filter>
    </ClInclude>
    <ClInclude Include="Cudheart\Util.cuh" />
    <ClInclude Include="Cudheart\Test\Test.cuh" />
    <ClInclude Include="Cudheart\Cudheart.cuh" />
    <ClInclude Include="Cudheart\Exceptions\Exceptions.cuh" />
    <ClInclude Include="Cudheart\Exceptions\BaseException.cuh" />
    <ClInclude Include="Cudheart\Arrays\Arrays.cuh" />
    <ClInclude Include="Cudheart\Arrays\ArrayOps.cuh" />
    <ClInclude Include="Cudheart\Arrays\Vector.cuh" />
    <ClInclude Include="Cudheart\Arrays\VectorOps.cuh" />
    <ClInclude Include="Cudheart\Math\Math.cuh" />
    <ClInclude Include="Cudheart\Arrays\MatrixOps.cuh" />
    <ClInclude Include="Cudheart\Arrays\Matrix.cuh" />
    <ClInclude Include="Cudheart\Exceptions\MatrixConversionException.cuh" />
    <ClInclude Include="Cudheart\Exceptions\NotImplementedException.cuh" />
    <ClInclude Include="Cudheart\Arrays\NDArray.cuh" />
    <ClInclude Include="Cudheart\Exceptions\ShapeMismatchException.cuh" />
    <ClInclude Include="Cudheart\Math\Bitwise\BitwiseCPP.cuh" />
    <ClInclude Include="Cudheart\CUtil\ContainerA.cuh" />
    <ClInclude Include="Cudheart\CUtil\CUtil.cuh" />
    <ClInclude Include="Cudheart\CUtil\ContainerAB.cuh" />
    <ClInclude Include="Cudheart\CUtil\ContainerABC.cuh" />
    <ClInclude Include="Cudheart\Math\Bitwise\Bitwise.cuh" />
    <ClInclude Include="Cudheart\Math\Bitwise\BitwiseKernels.cuh" />
    <ClInclude Include="Cudheart\Exceptions\CudaException.cuh" />
    <ClInclude Include="Cudheart\Math\Linalg\Linalg.cuh" />
    <ClInclude Include="Cudheart\Math\Linalg\LinalgCPP.cuh" />
    <ClInclude Include="Cudheart\Logic\Logic.cuh" />
    <ClInclude Include="Cudheart\Logic\LogicCPP.cuh" />
    <ClInclude Include="Cudheart\Exceptions\IndexOutOfBoundsException.cuh" />
    <ClInclude Include="Cudheart\Math\Trigo\Trigo.cuh" />
    <ClInclude Include="Cudheart\Math\Trigo\TrigoCPP.cuh" />
    <ClInclude Include="Cudheart\Math\BaseMath\BaseMath.cuh" />
    <ClInclude Include="Cudheart\Math\BaseMath\BaseMathCPP.cuh" />
    <ClInclude Include="Cudheart\Math\Exps\Exps.cuh" />
    <ClInclude Include="Cudheart\Math\Exps\ExpsCPP.cuh" />
    <ClInclude Include="Cudheart\Exceptions\ZeroDivisionException.cuh" />
    <ClInclude Include="Cudheart\Exceptions\BadValueException.cuh" />
    <ClInclude Include="Cudheart\Exceptions\AssertionException.cuh" />
    <ClInclude Include="Test.cuh" />
    <ClInclude Include="Cudheart\Exceptions\BadTypeException.cuh" />
    <ClInclude Include="Cudheart\Math\Constants.cuh" />
    <ClInclude Include="Cudheart\Math\Complex\Complex.cuh" />
    <ClInclude Include="Cudheart\Math\Complex\ComplexType.cuh" />
    <ClInclude Include="Cudheart\Math\Complex\ComplexMathCPP.cuh" />
  </ItemGroup>
  <ItemGroup>
    <CudaCompile Include="Sample\kernel.cu">
      <Filter>Sample</Filter>
    </CudaCompile>
    <CudaCompile Include="Cudheart\Test\Test.cu" />
    <CudaCompile Include="Cudheart\Exceptions\BaseException.cu" />
    <CudaCompile Include="Main.cu" />
  </ItemGroup>
  <ItemGroup>
    <None Include="..\README.md" />
    <None Include="..\funclist.md" />
    <None Include="..\Changelog.md" />
  </ItemGroup>
</Project>