<?xml version="1.0" encoding="utf-8"?>
<Project ToolsVersion="4.0" xmlns="http://schemas.microsoft.com/developer/msbuild/2003">
  <ItemGroup>
    <Filter Include="Cudheart">
      <UniqueIdentifier>{ad80ea5d-e19b-40a8-a4b8-5845ca4bd99c}</UniqueIdentifier>
    </Filter>
    <Filter Include="Sample">
      <UniqueIdentifier>{d311997a-5c3d-48b8-b431-4f7d9ee732b3}</UniqueIdentifier>
    </Filter>
  </ItemGroup>
  <ItemGroup>
    <ClInclude Include="Misc\kernel.cuh">
      <Filter>Sample</Filter>
    </ClInclude>
    <ClInclude Include="Cudheart\Util.cuh" />
    <ClInclude Include="Cudheart\Test\Test.cuh" />
    <ClInclude Include="Cudheart\Cudheart.cuh" />
    <ClInclude Include="Cudheart\Exceptions\Exceptions.cuh" />
    <ClInclude Include="Cudheart\Exceptions\BaseException.cuh" />
    <ClInclude Include="Cudheart\Arrays\Arrays.cuh" />
    <ClInclude Include="Cudheart\Arrays\ArrayOps.cuh" />
    <ClInclude Include="Cudheart\Arrays\Vector.cuh" />
    <ClInclude Include="Cudheart\Arrays\VectorOps.cuh" />
    <ClInclude Include="Cudheart\Math\Math.cuh" />
    <ClInclude Include="Cudheart\Arrays\MatrixOps.cuh" />
    <ClInclude Include="Cudheart\Arrays\Matrix.cuh" />
    <ClInclude Include="Cudheart\Exceptions\MatrixConversionException.cuh" />
    <ClInclude Include="Cudheart\Exceptions\NotImplementedException.cuh" />
    <ClInclude Include="Cudheart\Arrays\NDArray.cuh" />
    <ClInclude Include="Cudheart\Exceptions\ShapeMismatchException.cuh" />
    <ClInclude Include="Cudheart\Math\Bitwise\BitwiseCPP.cuh" />
    <ClInclude Include="Cudheart\CUtil\ContainerA.cuh" />
    <ClInclude Include="Cudheart\CUtil\CUtil.cuh" />
    <ClInclude Include="Cudheart\CUtil\ContainerAB.cuh" />
    <ClInclude Include="Cudheart\CUtil\ContainerABC.cuh" />
    <ClInclude Include="Cudheart\Math\Bitwise\Bitwise.cuh" />
    <ClInclude Include="Cudheart\Math\Bitwise\BitwiseKernels.cuh" />
    <ClInclude Include="Cudheart\Exceptions\CudaException.cuh" />
    <ClInclude Include="Cudheart\Math\Linalg\Linalg.cuh" />
    <ClInclude Include="Cudheart\Math\Linalg\LinalgCPP.cuh" />
    <ClInclude Include="Cudheart\Logic\Logic.cuh" />
    <ClInclude Include="Cudheart\Logic\LogicCPP.cuh" />
    <ClInclude Include="Cudheart\Exceptions\IndexOutOfBoundsException.cuh" />
    <ClInclude Include="Cudheart\Math\Trigo\Trigo.cuh" />
    <ClInclude Include="Cudheart\Math\Trigo\TrigoCPP.cuh" />
    <ClInclude Include="Cudheart\Math\BaseMath\BaseMath.cuh" />
    <ClInclude Include="Cudheart\Math\BaseMath\BaseMathCPP.cuh" />
    <ClInclude Include="Cudheart\Math\Exps\Exps.cuh" />
    <ClInclude Include="Cudheart\Math\Exps\ExpsCPP.cuh" />
    <ClInclude Include="Cudheart\Exceptions\ZeroDivisionException.cuh" />
    <ClInclude Include="Cudheart\Exceptions\BadValueException.cuh" />
    <ClInclude Include="Cudheart\Exceptions\AssertionException.cuh" />
    <ClInclude Include="Misc\Test.cuh" />
    <ClInclude Include="Cudheart\Exceptions\BadTypeException.cuh" />
    <ClInclude Include="Cudheart\Constants.cuh" />
    <ClInclude Include="Cudheart\Math\Complex\Complex.cuh" />
    <ClInclude Include="Cudheart\Math\Complex\ComplexType.cuh" />
    <ClInclude Include="Cudheart\Math\Complex\ComplexMathCPP.cuh" />
    <ClInclude Include="Cudheart\Random\RandomCPP.cuh" />
    <ClInclude Include="Cudheart\Random\Random.cuh" />
    <ClInclude Include="Cudheart\Indexing\Indexing.cuh" />
    <ClInclude Include="Cudheart\Indexing\Sorting.cuh" />
    <ClInclude Include="Cudheart\Indexing\Searching.cuh" />
    <ClInclude Include="Cudheart\Math\Statistics\Statistics.cuh" />
    <ClInclude Include="Cudheart\Math\Statistics\StatisticsCPP.cuh" />
    <ClInclude Include="Cudheart\Arrays\IO.cuh" />
    <ClInclude Include="Cudheart\StringTypes\StringTypes.cuh" />
    <ClInclude Include="Cudheart\StringTypes\StringType.cuh" />
    <ClInclude Include="Cudheart\Arrays\Shape.cuh" />
    <ClInclude Include="Cudheart\Arrays\ArrOps.cuh" />
    <ClInclude Include="Cudheart\StringTypes\StringOps.cuh" />
    <ClInclude Include="Helpers\rendercheck_gles.h" />
    <ClInclude Include="Helpers\drvapi_error_string.h" />
    <ClInclude Include="Helpers\dynlink_d3d10.h" />
    <ClInclude Include="Helpers\dynlink_d3d11.h" />
    <ClInclude Include="Helpers\exception.h" />
    <ClInclude Include="Helpers\helper_cuda.h" />
    <ClInclude Include="Helpers\helper_cuda_drvapi.h" />
    <ClInclude Include="Helpers\helper_cusolver.h" />
    <ClInclude Include="Helpers\helper_functions.h" />
    <ClInclude Include="Helpers\helper_gl.h" />
    <ClInclude Include="Helpers\helper_image.h" />
    <ClInclude Include="Helpers\helper_math.h" />
    <ClInclude Include="Helpers\helper_multiprocess.h" />
    <ClInclude Include="Helpers\helper_nvJPEG.hxx" />
    <ClInclude Include="Helpers\helper_string.h" />
    <ClInclude Include="Helpers\helper_timer.h" />
    <ClInclude Include="Helpers\multithreading.h" />
    <ClInclude Include="Helpers\nvMath.h" />
    <ClInclude Include="Helpers\nvMatrix.h" />
    <ClInclude Include="Helpers\nvQuaternion.h" />
    <ClInclude Include="Helpers\nvrtc_helper.h" />
    <ClInclude Include="Helpers\nvShaderUtils.h" />
    <ClInclude Include="Helpers\nvVector.h" />
    <ClInclude Include="Helpers\param.h" />
    <ClInclude Include="Helpers\paramgl.h" />
    <ClInclude Include="Helpers\rendercheck_d3d9.h" />
    <ClInclude Include="Helpers\rendercheck_d3d10.h" />
    <ClInclude Include="Helpers\rendercheck_d3d11.h" />
    <ClInclude Include="Helpers\rendercheck_gl.h" />
    <ClInclude Include="Helpers\GL\freeglut.h" />
    <ClInclude Include="Helpers\GL\freeglut_ext.h" />
    <ClInclude Include="Helpers\GL\freeglut_std.h" />
    <ClInclude Include="Helpers\GL\glew.h" />
    <ClInclude Include="Helpers\GL\glext.h" />
    <ClInclude Include="Helpers\GL\glut.h" />
    <ClInclude Include="Helpers\GL\glxew.h" />
    <ClInclude Include="Helpers\GL\glxext.h" />
    <ClInclude Include="Helpers\GL\wglew.h" />
    <ClInclude Include="Helpers\GL\wglext.h" />
    <ClInclude Include="Helpers\UtilNPP\Exceptions.h" />
    <ClInclude Include="Helpers\UtilNPP\Image.h" />
    <ClInclude Include="Helpers\UtilNPP\ImageAllocatorsCPU.h" />
    <ClInclude Include="Helpers\UtilNPP\ImageAllocatorsNPP.h" />
    <ClInclude Include="Helpers\UtilNPP\ImageIO.h" />
    <ClInclude Include="Helpers\UtilNPP\ImagePacked.h" />
    <ClInclude Include="Helpers\UtilNPP\ImagesCPU.h" />
    <ClInclude Include="Helpers\UtilNPP\ImagesNPP.h" />
    <ClInclude Include="Helpers\UtilNPP\Pixel.h" />
    <ClInclude Include="Helpers\UtilNPP\Signal.h" />
    <ClInclude Include="Helpers\UtilNPP\SignalAllocatorsCPU.h" />
    <ClInclude Include="Helpers\UtilNPP\SignalAllocatorsNPP.h" />
    <ClInclude Include="Helpers\UtilNPP\SignalsCPU.h" />
    <ClInclude Include="Helpers\UtilNPP\SignalsNPP.h" />
    <ClInclude Include="Samples\0_Introduction\c++11_cuda\range.hpp" />
    <ClInclude Include="Samples\0_Introduction\matrixMulDrv\matrixMul.h" />
    <ClInclude Include="Samples\0_Introduction\matrixMulDynlinkJIT\cuda_drvapi_dynlink.h" />
    <ClInclude Include="Samples\0_Introduction\matrixMulDynlinkJIT\cuda_drvapi_dynlink_cuda.h" />
    <ClInclude Include="Samples\0_Introduction\matrixMulDynlinkJIT\helper_cuda_drvapi.h" />
    <ClInclude Include="Samples\0_Introduction\matrixMulDynlinkJIT\matrixMul.h" />
    <ClInclude Include="Samples\0_Introduction\matrixMulDynlinkJIT\matrixMul_kernel_32_ptxdump.h" />
    <ClInclude Include="Samples\0_Introduction\matrixMulDynlinkJIT\matrixMul_kernel_64_ptxdump.h" />
    <ClInclude Include="Samples\0_Introduction\mergeSort\mergeSort_common.h" />
    <ClInclude Include="Samples\0_Introduction\simpleCallback\multithreading.h" />
    <ClInclude Include="Samples\0_Introduction\simpleMPI\simpleMPI.h" />
    <ClInclude Include="Samples\0_Introduction\simpleMultiGPU\simpleMultiGPU.h" />
    <ClInclude Include="Samples\0_Introduction\vectorAddMMAP\multidevicealloc_memmap.hpp" />
    <ClInclude Include="Samples\2_Concepts_and_Techniques\convolutionSeparable\convolutionSeparable_common.h" />
    <ClInclude Include="Samples\2_Concepts_and_Techniques\convolutionTexture\convolutionTexture_common.h" />
    <ClInclude Include="Samples\2_Concepts_and_Techniques\cuHook\libcuhook.h" />
    <ClInclude Include="Samples\2_Concepts_and_Techniques\dct8x8\BmpUtil.h" />
    <ClInclude Include="Samples\2_Concepts_and_Techniques\dct8x8\Common.h" />
    <ClInclude Include="Samples\2_Concepts_and_Techniques\dct8x8\DCT8x8_Gold.h" />
    <ClInclude Include="Samples\2_Concepts_and_Techniques\EGLStream_CUDA_CrossGPU\cuda_consumer.h" />
    <ClInclude Include="Samples\2_Concepts_and_Techniques\EGLStream_CUDA_CrossGPU\cuda_producer.h" />
    <ClInclude Include="Samples\2_Concepts_and_Techniques\EGLStream_CUDA_CrossGPU\eglstrm_common.h" />
    <ClInclude Include="Samples\2_Concepts_and_Techniques\EGLStream_CUDA_CrossGPU\helper.h" />
    <ClInclude Include="Samples\2_Concepts_and_Techniques\EGLStream_CUDA_Interop\cuda_consumer.h" />
    <ClInclude Include="Samples\2_Concepts_and_Techniques\EGLStream_CUDA_Interop\cuda_producer.h" />
    <ClInclude Include="Samples\2_Concepts_and_Techniques\EGLStream_CUDA_Interop\eglstrm_common.h" />
    <ClInclude Include="Samples\2_Concepts_and_Techniques\EGLSync_CUDAEvent_Interop\egl_common.h" />
    <ClInclude Include="Samples\2_Concepts_and_Techniques\EGLSync_CUDAEvent_Interop\graphics_interface.h" />
    <ClInclude Include="Samples\2_Concepts_and_Techniques\eigenvalues\config.h" />
    <ClInclude Include="Samples\2_Concepts_and_Techniques\eigenvalues\gerschgorin.h" />
    <ClInclude Include="Samples\2_Concepts_and_Techniques\eigenvalues\matlab.h" />
    <ClInclude Include="Samples\2_Concepts_and_Techniques\eigenvalues\structs.h" />
    <ClInclude Include="Samples\2_Concepts_and_Techniques\eigenvalues\util.h" />
    <ClInclude Include="Samples\2_Concepts_and_Techniques\FunctionPointers\FunctionPointers_kernels.h" />
    <ClInclude Include="Samples\2_Concepts_and_Techniques\histogram\histogram_common.h" />
    <ClInclude Include="Samples\2_Concepts_and_Techniques\imageDenoising\imageDenoising.h" />
    <ClInclude Include="Samples\2_Concepts_and_Techniques\interval\boost\config\abi\borland_prefix.hpp" />
    <ClInclude Include="Samples\2_Concepts_and_Techniques\interval\boost\config\abi\borland_suffix.hpp" />
    <ClInclude Include="Samples\2_Concepts_and_Techniques\interval\boost\config\abi\msvc_prefix.hpp" />
    <ClInclude Include="Samples\2_Concepts_and_Techniques\interval\boost\config\abi\msvc_suffix.hpp" />
    <ClInclude Include="Samples\2_Concepts_and_Techniques\interval\boost\config\compiler\borland.hpp" />
    <ClInclude Include="Samples\2_Concepts_and_Techniques\interval\boost\config\compiler\codegear.hpp" />
    <ClInclude Include="Samples\2_Concepts_and_Techniques\interval\boost\config\compiler\comeau.hpp" />
    <ClInclude Include="Samples\2_Concepts_and_Techniques\interval\boost\config\compiler\common_edg.hpp" />
    <ClInclude Include="Samples\2_Concepts_and_Techniques\interval\boost\config\compiler\compaq_cxx.hpp" />
    <ClInclude Include="Samples\2_Concepts_and_Techniques\interval\boost\config\compiler\digitalmars.hpp" />
    <ClInclude Include="Samples\2_Concepts_and_Techniques\interval\boost\config\compiler\gcc.hpp" />
    <ClInclude Include="Samples\2_Concepts_and_Techniques\interval\boost\config\compiler\gcc_xml.hpp" />
    <ClInclude Include="Samples\2_Concepts_and_Techniques\interval\boost\config\compiler\greenhills.hpp" />
    <ClInclude Include="Samples\2_Concepts_and_Techniques\interval\boost\config\compiler\hp_acc.hpp" />
    <ClInclude Include="Samples\2_Concepts_and_Techniques\interval\boost\config\compiler\intel.hpp" />
    <ClInclude Include="Samples\2_Concepts_and_Techniques\interval\boost\config\compiler\kai.hpp" />
    <ClInclude Include="Samples\2_Concepts_and_Techniques\interval\boost\config\compiler\metrowerks.hpp" />
    <ClInclude Include="Samples\2_Concepts_and_Techniques\interval\boost\config\compiler\mpw.hpp" />
    <ClInclude Include="Samples\2_Concepts_and_Techniques\interval\boost\config\compiler\pgi.hpp" />
    <ClInclude Include="Samples\2_Concepts_and_Techniques\interval\boost\config\compiler\sgi_mipspro.hpp" />
    <ClInclude Include="Samples\2_Concepts_and_Techniques\interval\boost\config\compiler\sunpro_cc.hpp" />
    <ClInclude Include="Samples\2_Concepts_and_Techniques\interval\boost\config\compiler\vacpp.hpp" />
    <ClInclude Include="Samples\2_Concepts_and_Techniques\interval\boost\config\compiler\visualc.hpp" />
    <ClInclude Include="Samples\2_Concepts_and_Techniques\interval\boost\config\no_tr1\cmath.hpp" />
    <ClInclude Include="Samples\2_Concepts_and_Techniques\interval\boost\config\no_tr1\complex.hpp" />
    <ClInclude Include="Samples\2_Concepts_and_Techniques\interval\boost\config\no_tr1\functional.hpp" />
    <ClInclude Include="Samples\2_Concepts_and_Techniques\interval\boost\config\no_tr1\memory.hpp" />
    <ClInclude Include="Samples\2_Concepts_and_Techniques\interval\boost\config\no_tr1\utility.hpp" />
    <ClInclude Include="Samples\2_Concepts_and_Techniques\interval\boost\config\platform\aix.hpp" />
    <ClInclude Include="Samples\2_Concepts_and_Techniques\interval\boost\config\platform\amigaos.hpp" />
    <ClInclude Include="Samples\2_Concepts_and_Techniques\interval\boost\config\platform\beos.hpp" />
    <ClInclude Include="Samples\2_Concepts_and_Techniques\interval\boost\config\platform\bsd.hpp" />
    <ClInclude Include="Samples\2_Concepts_and_Techniques\interval\boost\config\platform\cygwin.hpp" />
    <ClInclude Include="Samples\2_Concepts_and_Techniques\interval\boost\config\platform\hpux.hpp" />
    <ClInclude Include="Samples\2_Concepts_and_Techniques\interval\boost\config\platform\irix.hpp" />
    <ClInclude Include="Samples\2_Concepts_and_Techniques\interval\boost\config\platform\linux.hpp" />
    <ClInclude Include="Samples\2_Concepts_and_Techniques\interval\boost\config\platform\macos.hpp" />
    <ClInclude Include="Samples\2_Concepts_and_Techniques\interval\boost\config\platform\qnxnto.hpp" />
    <ClInclude Include="Samples\2_Concepts_and_Techniques\interval\boost\config\platform\solaris.hpp" />
    <ClInclude Include="Samples\2_Concepts_and_Techniques\interval\boost\config\platform\vxworks.hpp" />
    <ClInclude Include="Samples\2_Concepts_and_Techniques\interval\boost\config\platform\win32.hpp" />
    <ClInclude Include="Samples\2_Concepts_and_Techniques\interval\boost\config\stdlib\dinkumware.hpp" />
    <ClInclude Include="Samples\2_Concepts_and_Techniques\interval\boost\config\stdlib\libcomo.hpp" />
    <ClInclude Include="Samples\2_Concepts_and_Techniques\interval\boost\config\stdlib\libstdcpp3.hpp" />
    <ClInclude Include="Samples\2_Concepts_and_Techniques\interval\boost\config\stdlib\modena.hpp" />
    <ClInclude Include="Samples\2_Concepts_and_Techniques\interval\boost\config\stdlib\msl.hpp" />
    <ClInclude Include="Samples\2_Concepts_and_Techniques\interval\boost\config\stdlib\roguewave.hpp" />
    <ClInclude Include="Samples\2_Concepts_and_Techniques\interval\boost\config\stdlib\sgi.hpp" />
    <ClInclude Include="Samples\2_Concepts_and_Techniques\interval\boost\config\stdlib\stlport.hpp" />
    <ClInclude Include="Samples\2_Concepts_and_Techniques\interval\boost\config\stdlib\vacpp.hpp" />
    <ClInclude Include="Samples\2_Concepts_and_Techniques\interval\boost\config\abi_prefix.hpp" />
    <ClInclude Include="Samples\2_Concepts_and_Techniques\interval\boost\config\abi_suffix.hpp" />
    <ClInclude Include="Samples\2_Concepts_and_Techniques\interval\boost\config\auto_link.hpp" />
    <ClInclude Include="Samples\2_Concepts_and_Techniques\interval\boost\config\posix_features.hpp" />
    <ClInclude Include="Samples\2_Concepts_and_Techniques\interval\boost\config\requires_threads.hpp" />
    <ClInclude Include="Samples\2_Concepts_and_Techniques\interval\boost\config\select_compiler_config.hpp" />
    <ClInclude Include="Samples\2_Concepts_and_Techniques\interval\boost\config\select_platform_config.hpp" />
    <ClInclude Include="Samples\2_Concepts_and_Techniques\interval\boost\config\select_stdlib_config.hpp" />
    <ClInclude Include="Samples\2_Concepts_and_Techniques\interval\boost\config\suffix.hpp" />
    <ClInclude Include="Samples\2_Concepts_and_Techniques\interval\boost\config\user.hpp" />
    <ClInclude Include="Samples\2_Concepts_and_Techniques\interval\boost\config\warning_disable.hpp" />
    <ClInclude Include="Samples\2_Concepts_and_Techniques\interval\boost\numeric\interval\compare\certain.hpp" />
    <ClInclude Include="Samples\2_Concepts_and_Techniques\interval\boost\numeric\interval\compare\explicit.hpp" />
    <ClInclude Include="Samples\2_Concepts_and_Techniques\interval\boost\numeric\interval\compare\lexicographic.hpp" />
    <ClInclude Include="Samples\2_Concepts_and_Techniques\interval\boost\numeric\interval\compare\possible.hpp" />
    <ClInclude Include="Samples\2_Concepts_and_Techniques\interval\boost\numeric\interval\compare\set.hpp" />
    <ClInclude Include="Samples\2_Concepts_and_Techniques\interval\boost\numeric\interval\compare\tribool.hpp" />
    <ClInclude Include="Samples\2_Concepts_and_Techniques\interval\boost\numeric\interval\detail\alpha_rounding_control.hpp" />
    <ClInclude Include="Samples\2_Concepts_and_Techniques\interval\boost\numeric\interval\detail\bcc_rounding_control.hpp" />
    <ClInclude Include="Samples\2_Concepts_and_Techniques\interval\boost\numeric\interval\detail\bugs.hpp" />
    <ClInclude Include="Samples\2_Concepts_and_Techniques\interval\boost\numeric\interval\detail\c99_rounding_control.hpp" />
    <ClInclude Include="Samples\2_Concepts_and_Techniques\interval\boost\numeric\interval\detail\c99sub_rounding_control.hpp" />
    <ClInclude Include="Samples\2_Concepts_and_Techniques\interval\boost\numeric\interval\detail\division.hpp" />
    <ClInclude Include="Samples\2_Concepts_and_Techniques\interval\boost\numeric\interval\detail\ia64_rounding_control.hpp" />
    <ClInclude Include="Samples\2_Concepts_and_Techniques\interval\boost\numeric\interval\detail\interval_prototype.hpp" />
    <ClInclude Include="Samples\2_Concepts_and_Techniques\interval\boost\numeric\interval\detail\msvc_rounding_control.hpp" />
    <ClInclude Include="Samples\2_Concepts_and_Techniques\interval\boost\numeric\interval\detail\ppc_rounding_control.hpp" />
    <ClInclude Include="Samples\2_Concepts_and_Techniques\interval\boost\numeric\interval\detail\sparc_rounding_control.hpp" />
    <ClInclude Include="Samples\2_Concepts_and_Techniques\interval\boost\numeric\interval\detail\test_input.hpp" />
    <ClInclude Include="Samples\2_Concepts_and_Techniques\interval\boost\numeric\interval\detail\x86_rounding_control.hpp" />
    <ClInclude Include="Samples\2_Concepts_and_Techniques\interval\boost\numeric\interval\detail\x86gcc_rounding_control.hpp" />
    <ClInclude Include="Samples\2_Concepts_and_Techniques\interval\boost\numeric\interval\ext\integer.hpp" />
    <ClInclude Include="Samples\2_Concepts_and_Techniques\interval\boost\numeric\interval\ext\x86_fast_rounding_control.hpp" />
    <ClInclude Include="Samples\2_Concepts_and_Techniques\interval\boost\numeric\interval\arith.hpp" />
    <ClInclude Include="Samples\2_Concepts_and_Techniques\interval\boost\numeric\interval\arith2.hpp" />
    <ClInclude Include="Samples\2_Concepts_and_Techniques\interval\boost\numeric\interval\arith3.hpp" />
    <ClInclude Include="Samples\2_Concepts_and_Techniques\interval\boost\numeric\interval\checking.hpp" />
    <ClInclude Include="Samples\2_Concepts_and_Techniques\interval\boost\numeric\interval\compare.hpp" />
    <ClInclude Include="Samples\2_Concepts_and_Techniques\interval\boost\numeric\interval\constants.hpp" />
    <ClInclude Include="Samples\2_Concepts_and_Techniques\interval\boost\numeric\interval\hw_rounding.hpp" />
    <ClInclude Include="Samples\2_Concepts_and_Techniques\interval\boost\numeric\interval\interval.hpp" />
    <ClInclude Include="Samples\2_Concepts_and_Techniques\interval\boost\numeric\interval\io.hpp" />
    <ClInclude Include="Samples\2_Concepts_and_Techniques\interval\boost\numeric\interval\limits.hpp" />
    <ClInclude Include="Samples\2_Concepts_and_Techniques\interval\boost\numeric\interval\policies.hpp" />
    <ClInclude Include="Samples\2_Concepts_and_Techniques\interval\boost\numeric\interval\rounded_arith.hpp" />
    <ClInclude Include="Samples\2_Concepts_and_Techniques\interval\boost\numeric\interval\rounded_transc.hpp" />
    <ClInclude Include="Samples\2_Concepts_and_Techniques\interval\boost\numeric\interval\rounding.hpp" />
    <ClInclude Include="Samples\2_Concepts_and_Techniques\interval\boost\numeric\interval\transc.hpp" />
    <ClInclude Include="Samples\2_Concepts_and_Techniques\interval\boost\numeric\interval\utility.hpp" />
    <ClInclude Include="Samples\2_Concepts_and_Techniques\interval\boost\numeric\interval.hpp" />
    <ClInclude Include="Samples\2_Concepts_and_Techniques\interval\boost\config.hpp" />
    <ClInclude Include="Samples\2_Concepts_and_Techniques\interval\boost\limits.hpp" />
    <ClInclude Include="Samples\2_Concepts_and_Techniques\interval\cpu_interval.h" />
    <ClInclude Include="Samples\2_Concepts_and_Techniques\interval\cuda_interval.h" />
    <ClInclude Include="Samples\2_Concepts_and_Techniques\interval\cuda_interval_lib.h" />
    <ClInclude Include="Samples\2_Concepts_and_Techniques\interval\cuda_interval_rounded_arith.h" />
    <ClInclude Include="Samples\2_Concepts_and_Techniques\interval\interval.h" />
    <ClInclude Include="Samples\2_Concepts_and_Techniques\MC_EstimatePiInlineP\inc\cudasharedmem.h" />
    <ClInclude Include="Samples\2_Concepts_and_Techniques\MC_EstimatePiInlineP\inc\piestimator.h" />
    <ClInclude Include="Samples\2_Concepts_and_Techniques\MC_EstimatePiInlineP\inc\test.h" />
    <ClInclude Include="Samples\2_Concepts_and_Techniques\MC_EstimatePiInlineQ\inc\cudasharedmem.h" />
    <ClInclude Include="Samples\2_Concepts_and_Techniques\MC_EstimatePiInlineQ\inc\piestimator.h" />
    <ClInclude Include="Samples\2_Concepts_and_Techniques\MC_EstimatePiInlineQ\inc\test.h" />
    <ClInclude Include="Samples\2_Concepts_and_Techniques\MC_EstimatePiP\inc\cudasharedmem.h" />
    <ClInclude Include="Samples\2_Concepts_and_Techniques\MC_EstimatePiP\inc\piestimator.h" />
    <ClInclude Include="Samples\2_Concepts_and_Techniques\MC_EstimatePiP\inc\test.h" />
    <ClInclude Include="Samples\2_Concepts_and_Techniques\MC_EstimatePiQ\inc\cudasharedmem.h" />
    <ClInclude Include="Samples\2_Concepts_and_Techniques\MC_EstimatePiQ\inc\piestimator.h" />
    <ClInclude Include="Samples\2_Concepts_and_Techniques\MC_EstimatePiQ\inc\test.h" />
    <ClInclude Include="Samples\2_Concepts_and_Techniques\MC_SingleAsianOptionP\inc\asianoption.h" />
    <ClInclude Include="Samples\2_Concepts_and_Techniques\MC_SingleAsianOptionP\inc\cudasharedmem.h" />
    <ClInclude Include="Samples\2_Concepts_and_Techniques\MC_SingleAsianOptionP\inc\pricingengine.h" />
    <ClInclude Include="Samples\2_Concepts_and_Techniques\MC_SingleAsianOptionP\inc\test.h" />
    <ClInclude Include="Samples\2_Concepts_and_Techniques\particles\particleSystem.h" />
    <ClInclude Include="Samples\2_Concepts_and_Techniques\particles\render_particles.h" />
    <ClInclude Include="Samples\2_Concepts_and_Techniques\particles\shaders.h" />
    <ClInclude Include="Samples\2_Concepts_and_Techniques\reduction\reduction.h" />
    <ClInclude Include="Samples\2_Concepts_and_Techniques\scan\scan_common.h" />
    <ClInclude Include="Samples\2_Concepts_and_Techniques\shfl_scan\util.h" />
    <ClInclude Include="Samples\2_Concepts_and_Techniques\sortingNetworks\sortingNetworks_common.h" />
    <ClInclude Include="Samples\2_Concepts_and_Techniques\threadFenceReduction\threadFenceReduction.h" />
    <ClInclude Include="Samples\3_CUDA_Features\bindlessTexture\bindlessTexture.h" />
    <ClInclude Include="Samples\3_CUDA_Features\cdpAdvancedQuicksort\cdpQuicksort.h" />
    <ClInclude Include="Samples\3_CUDA_Features\cudaCompressibleMemory\compMalloc.h" />
    <ClInclude Include="Samples\3_CUDA_Features\jacobiCudaGraphs\jacobi.h" />
    <ClInclude Include="Samples\3_CUDA_Features\newdelete\container.hpp" />
    <ClInclude Include="Samples\4_CUDA_Libraries\batchCUBLAS\batchCUBLAS.h" />
    <ClInclude Include="Samples\4_CUDA_Libraries\cudaNvSci\cudaNvSci.h" />
    <ClInclude Include="Samples\4_CUDA_Libraries\cudaNvSciNvMedia\nvmedia_utils\cmdline.h" />
    <ClInclude Include="Samples\4_CUDA_Libraries\cudaNvSciNvMedia\nvmedia_utils\config_parser.h" />
    <ClInclude Include="Samples\4_CUDA_Libraries\cudaNvSciNvMedia\nvmedia_utils\image_utils.h" />
    <ClInclude Include="Samples\4_CUDA_Libraries\cudaNvSciNvMedia\nvmedia_utils\log_utils.h" />
    <ClInclude Include="Samples\4_CUDA_Libraries\cudaNvSciNvMedia\nvmedia_utils\misc_utils.h" />
    <ClInclude Include="Samples\4_CUDA_Libraries\cudaNvSciNvMedia\cuda_consumer.h" />
    <ClInclude Include="Samples\4_CUDA_Libraries\cudaNvSciNvMedia\nvmedia_producer.h" />
    <ClInclude Include="Samples\4_CUDA_Libraries\cudaNvSciNvMedia\nvsci_setup.h" />
    <ClInclude Include="Samples\4_CUDA_Libraries\cuSolverDn_LinearSolver\mmio.h" />
    <ClInclude Include="Samples\4_CUDA_Libraries\cuSolverRf\mmio.h" />
    <ClInclude Include="Samples\4_CUDA_Libraries\cuSolverSp_LinearSolver\mmio.h" />
    <ClInclude Include="Samples\4_CUDA_Libraries\cuSolverSp_LowlevelCholesky\mmio.h" />
    <ClInclude Include="Samples\4_CUDA_Libraries\cuSolverSp_LowlevelQR\mmio.h" />
    <ClInclude Include="Samples\4_CUDA_Libraries\randomFog\rng.h" />
    <ClInclude Include="Samples\5_Domain_Specific\binomialOptions\binomialOptions_common.h" />
    <ClInclude Include="Samples\5_Domain_Specific\binomialOptions\realtype.h" />
    <ClInclude Include="Samples\5_Domain_Specific\binomialOptions_nvrtc\binomialOptions_common.h" />
    <ClInclude Include="Samples\5_Domain_Specific\binomialOptions_nvrtc\common_gpu_header.h" />
    <ClInclude Include="Samples\5_Domain_Specific\binomialOptions_nvrtc\realtype.h" />
    <ClInclude Include="Samples\5_Domain_Specific\convolutionFFT2D\convolutionFFT2D_common.h" />
    <ClInclude Include="Samples\5_Domain_Specific\dxtc\CudaMath.h" />
    <ClInclude Include="Samples\5_Domain_Specific\dxtc\dds.h" />
    <ClInclude Include="Samples\5_Domain_Specific\dxtc\permutations.h" />
    <ClInclude Include="Samples\5_Domain_Specific\FDTD3d\inc\FDTD3d.h" />
    <ClInclude Include="Samples\5_Domain_Specific\FDTD3d\inc\FDTD3dGPU.h" />
    <ClInclude Include="Samples\5_Domain_Specific\FDTD3d\inc\FDTD3dReference.h" />
    <ClInclude Include="Samples\5_Domain_Specific\fluidsD3D9\fluidsD3D9_kernels.h" />
    <ClInclude Include="Samples\5_Domain_Specific\fluidsGL\defines.h" />
    <ClInclude Include="Samples\5_Domain_Specific\fluidsGL\fluidsGL_kernels.h" />
    <ClInclude Include="Samples\5_Domain_Specific\fluidsGLES\defines.h" />
    <ClInclude Include="Samples\5_Domain_Specific\fluidsGLES\fluidsGLES_kernels.h" />
    <ClInclude Include="Samples\5_Domain_Specific\fluidsGLES\graphics_interface.h" />
    <ClInclude Include="Samples\5_Domain_Specific\HSOpticalFlow\common.h" />
    <ClInclude Include="Samples\5_Domain_Specific\HSOpticalFlow\flowCUDA.h" />
    <ClInclude Include="Samples\5_Domain_Specific\HSOpticalFlow\flowGold.h" />
    <ClInclude Include="Samples\5_Domain_Specific\Mandelbrot\Mandelbrot_gold.h" />
    <ClInclude Include="Samples\5_Domain_Specific\Mandelbrot\Mandelbrot_kernel.h" />
    <ClInclude Include="Samples\5_Domain_Specific\marchingCubes\defines.h" />
    <ClInclude Include="Samples\5_Domain_Specific\marchingCubes\tables.h" />
    <ClInclude Include="Samples\5_Domain_Specific\MonteCarloMultiGPU\MonteCarlo_common.h" />
    <ClInclude Include="Samples\5_Domain_Specific\MonteCarloMultiGPU\multithreading.h" />
    <ClInclude Include="Samples\5_Domain_Specific\MonteCarloMultiGPU\realtype.h" />
    <ClInclude Include="Samples\5_Domain_Specific\nbody\bodysystem.h" />
    <ClInclude Include="Samples\5_Domain_Specific\nbody\bodysystemcpu.h" />
    <ClInclude Include="Samples\5_Domain_Specific\nbody\bodysystemcpu_impl.h" />
    <ClInclude Include="Samples\5_Domain_Specific\nbody\bodysystemcuda.h" />
    <ClInclude Include="Samples\5_Domain_Specific\nbody\bodysystemcuda_impl.h" />
    <ClInclude Include="Samples\5_Domain_Specific\nbody\render_particles.h" />
    <ClInclude Include="Samples\5_Domain_Specific\nbody\tipsy.h" />
    <ClInclude Include="Samples\5_Domain_Specific\nbody_opengles\bodysystem.h" />
    <ClInclude Include="Samples\5_Domain_Specific\nbody_opengles\bodysystemcpu.h" />
    <ClInclude Include="Samples\5_Domain_Specific\nbody_opengles\bodysystemcpu_impl.h" />
    <ClInclude Include="Samples\5_Domain_Specific\nbody_opengles\bodysystemcuda.h" />
    <ClInclude Include="Samples\5_Domain_Specific\nbody_opengles\bodysystemcuda_impl.h" />
    <ClInclude Include="Samples\5_Domain_Specific\nbody_opengles\render_particles.h" />
    <ClInclude Include="Samples\5_Domain_Specific\nbody_opengles\tipsy.h" />
    <ClInclude Include="Samples\5_Domain_Specific\nbody_screen\bodysystem.h" />
    <ClInclude Include="Samples\5_Domain_Specific\nbody_screen\bodysystemcpu.h" />
    <ClInclude Include="Samples\5_Domain_Specific\nbody_screen\bodysystemcpu_impl.h" />
    <ClInclude Include="Samples\5_Domain_Specific\nbody_screen\bodysystemcuda.h" />
    <ClInclude Include="Samples\5_Domain_Specific\nbody_screen\bodysystemcuda_impl.h" />
    <ClInclude Include="Samples\5_Domain_Specific\nbody_screen\render_particles.h" />
    <ClInclude Include="Samples\5_Domain_Specific\nbody_screen\tipsy.h" />
    <ClInclude Include="Samples\5_Domain_Specific\NV12toBGRandResize\resize_convert.h" />
    <ClInclude Include="Samples\5_Domain_Specific\NV12toBGRandResize\utils.h" />
    <ClInclude Include="Samples\5_Domain_Specific\quasirandomGenerator\quasirandomGenerator_common.h" />
    <ClInclude Include="Samples\5_Domain_Specific\quasirandomGenerator_nvrtc\quasirandomGenerator_common.h" />
    <ClInclude Include="Samples\5_Domain_Specific\simpleD3D11\ShaderStructs.h" />
    <ClInclude Include="Samples\5_Domain_Specific\simpleD3D11\sinewave_cuda.h" />
    <ClInclude Include="Samples\5_Domain_Specific\simpleD3D11Texture\d3dx11effect\d3dx11effect.h" />
    <ClInclude Include="Samples\5_Domain_Specific\simpleD3D12\d3dx12.h" />
    <ClInclude Include="Samples\5_Domain_Specific\simpleD3D12\DX12CudaSample.h" />
    <ClInclude Include="Samples\5_Domain_Specific\simpleD3D12\DXSampleHelper.h" />
    <ClInclude Include="Samples\5_Domain_Specific\simpleD3D12\ShaderStructs.h" />
    <ClInclude Include="Samples\5_Domain_Specific\simpleD3D12\simpleD3D12.h" />
    <ClInclude Include="Samples\5_Domain_Specific\simpleD3D12\stdafx.h" />
    <ClInclude Include="Samples\5_Domain_Specific\simpleD3D12\Win32Application.h" />
    <ClInclude Include="Samples\5_Domain_Specific\simpleVulkan\linmath.h" />
    <ClInclude Include="Samples\5_Domain_Specific\simpleVulkan\SineWaveSimulation.h" />
    <ClInclude Include="Samples\5_Domain_Specific\simpleVulkan\VulkanBaseApp.h" />
    <ClInclude Include="Samples\5_Domain_Specific\simpleVulkanMMAP\MonteCarloPi.h" />
    <ClInclude Include="Samples\5_Domain_Specific\simpleVulkanMMAP\VulkanBaseApp.h" />
    <ClInclude Include="Samples\5_Domain_Specific\simpleVulkanMMAP\VulkanCudaInterop.h" />
    <ClInclude Include="Samples\5_Domain_Specific\smokeParticles\framebufferObject.h" />
    <ClInclude Include="Samples\5_Domain_Specific\smokeParticles\GLSLProgram.h" />
    <ClInclude Include="Samples\5_Domain_Specific\smokeParticles\GpuArray.h" />
    <ClInclude Include="Samples\5_Domain_Specific\smokeParticles\nvMath.h" />
    <ClInclude Include="Samples\5_Domain_Specific\smokeParticles\nvMatrix.h" />
    <ClInclude Include="Samples\5_Domain_Specific\smokeParticles\nvQuaternion.h" />
    <ClInclude Include="Samples\5_Domain_Specific\smokeParticles\nvVector.h" />
    <ClInclude Include="Samples\5_Domain_Specific\smokeParticles\ParticleSystem.h" />
    <ClInclude Include="Samples\5_Domain_Specific\smokeParticles\renderbuffer.h" />
    <ClInclude Include="Samples\5_Domain_Specific\smokeParticles\SmokeRenderer.h" />
    <ClInclude Include="Samples\5_Domain_Specific\smokeParticles\SmokeShaders.h" />
    <ClInclude Include="Samples\5_Domain_Specific\SobelFilter\SobelFilter_kernels.h" />
    <ClInclude Include="Samples\5_Domain_Specific\SobolQRNG\sobol.h" />
    <ClInclude Include="Samples\5_Domain_Specific\SobolQRNG\sobol_gold.h" />
    <ClInclude Include="Samples\5_Domain_Specific\SobolQRNG\sobol_gpu.h" />
    <ClInclude Include="Samples\5_Domain_Specific\SobolQRNG\sobol_primitives.h" />
    <ClInclude Include="Samples\5_Domain_Specific\VFlockingD3D10\VFlockingD3D10.h" />
    <ClInclude Include="Samples\5_Domain_Specific\volumeFiltering\volume.h" />
    <ClInclude Include="Samples\5_Domain_Specific\volumeFiltering\volumeFilter.h" />
    <ClInclude Include="Samples\5_Domain_Specific\volumeFiltering\volumeRender.h" />
    <ClInclude Include="Samples\5_Domain_Specific\vulkanImageCUDA\linmath.h" />
    <ClInclude Include="Samples\6_Performance\UnifiedMemoryPerf\commonDefs.hpp" />
    <ClInclude Include="Samples\6_Performance\UnifiedMemoryPerf\commonKernels.hpp" />
  </ItemGroup>
  <ItemGroup>
    <CudaCompile Include="Misc\kernel.cu">
      <Filter>Sample</Filter>
    </CudaCompile>
    <CudaCompile Include="Cudheart\Test\Test.cu" />
    <CudaCompile Include="Cudheart\Exceptions\BaseException.cu" />
    <CudaCompile Include="Main.cu" />
  </ItemGroup>
  <ItemGroup>
    <None Include="..\README.md" />
    <None Include="..\roadmap.md" />
    <None Include="..\Changelog.md" />
    <None Include="Helpers\data\CT_skull_512x512_8u.raw" />
    <None Include="Helpers\data\CT_skull_512x512_8u_Gray.raw" />
    <None Include="Helpers\data\PCB_1280x720_8u.raw" />
    <None Include="Helpers\data\PCB_METAL_509x335_8u.raw" />
    <None Include="Helpers\data\PCB2_1024x683_8u.raw" />
    <None Include="Helpers\data\Rocks_512x512_8u_Gray.raw" />
    <None Include="Helpers\data\teapot_512x512_8u.raw" />
    <None Include="Helpers\data\teapot_512x512_8u_Gray.raw" />
    <None Include="Helpers\data\teapot512.pgm" />
    <None Include="Samples\0_Introduction\simpleTexture3D\data\ref_texture3D.bin" />
    <None Include="Samples\2_Concepts_and_Techniques\particles\data\ref_particles.bin" />
    <None Include="Samples\3_CUDA_Features\bindlessTexture\data\ref_bindlessTexture.bin" />
    <None Include="Samples\4_CUDA_Libraries\oceanFFT\data\ref_slopeShading.bin" />
    <None Include="Samples\4_CUDA_Libraries\oceanFFT\data\ref_spatialDomain.bin" />
    <None Include="Samples\4_CUDA_Libraries\randomFog\data\ref_randomFog.bin" />
    <None Include="Samples\5_Domain_Specific\marchingCubes\data\compVoxelArray.bin" />
    <None Include="Samples\5_Domain_Specific\marchingCubes\data\normalArray.bin" />
    <None Include="Samples\5_Domain_Specific\marchingCubes\data\posArray.bin" />
    <None Include="Samples\5_Domain_Specific\nbody_opengles\galaxy_20K.bin" />
    <None Include="Samples\5_Domain_Specific\nbody_screen\galaxy_20K.bin" />
    <None Include="Samples\5_Domain_Specific\simpleGL\data\ref_simpleGL.bin" />
    <None Include="Samples\5_Domain_Specific\simpleGLES\data\ref_simpleGL.bin" />
    <None Include="Samples\5_Domain_Specific\simpleGLES_EGLOutput\data\ref_simpleGLES_EGLOutput.bin" />
    <None Include="Samples\5_Domain_Specific\simpleGLES_screen\data\ref_simpleGLES_screen.bin" />
    <None Include="Samples\5_Domain_Specific\smokeParticles\data\ref_smokePart_pos.bin" />
    <None Include="Samples\5_Domain_Specific\smokeParticles\data\ref_smokePart_vel.bin" />
  </ItemGroup>
  <ItemGroup>
    <ClCompile Include="Helpers\helper_multiprocess.cpp" />
    <ClCompile Include="Helpers\multithreading.cpp" />
    <ClCompile Include="Helpers\rendercheck_d3d9.cpp" />
    <ClCompile Include="Helpers\rendercheck_d3d10.cpp" />
    <ClCompile Include="Helpers\rendercheck_d3d11.cpp" />
    <ClCompile Include="Samples\0_Introduction\clock_nvrtc\clock.cpp" />
    <ClCompile Include="Samples\0_Introduction\cppIntegration\cppIntegration_gold.cpp" />
    <ClCompile Include="Samples\0_Introduction\cppIntegration\main.cpp" />
    <ClCompile Include="Samples\0_Introduction\matrixMul_nvrtc\matrixMul.cpp" />
    <ClCompile Include="Samples\0_Introduction\matrixMulDrv\matrixMulDrv.cpp" />
    <ClCompile Include="Samples\0_Introduction\matrixMulDynlinkJIT\cuda_drvapi_dynlink.c" />
    <ClCompile Include="Samples\0_Introduction\matrixMulDynlinkJIT\matrixMul_gold.cpp" />
    <ClCompile Include="Samples\0_Introduction\matrixMulDynlinkJIT\matrixMul_kernel_32_ptxdump.c" />
    <ClCompile Include="Samples\0_Introduction\matrixMulDynlinkJIT\matrixMul_kernel_64_ptxdump.c" />
    <ClCompile Include="Samples\0_Introduction\matrixMulDynlinkJIT\matrixMulDynlinkJIT.cpp" />
    <ClCompile Include="Samples\0_Introduction\mergeSort\main.cpp" />
    <ClCompile Include="Samples\0_Introduction\mergeSort\mergeSort_host.cpp" />
    <ClCompile Include="Samples\0_Introduction\mergeSort\mergeSort_validate.cpp" />
    <ClCompile Include="Samples\0_Introduction\simpleAssert_nvrtc\simpleAssert.cpp" />
    <ClCompile Include="Samples\0_Introduction\simpleAtomicIntrinsics\simpleAtomicIntrinsics_cpu.cpp" />
    <ClCompile Include="Samples\0_Introduction\simpleAtomicIntrinsics_nvrtc\simpleAtomicIntrinsics.cpp" />
    <ClCompile Include="Samples\0_Introduction\simpleAtomicIntrinsics_nvrtc\simpleAtomicIntrinsics_cpu.cpp" />
    <ClCompile Include="Samples\0_Introduction\simpleCallback\multithreading.cpp" />
    <ClCompile Include="Samples\0_Introduction\simpleCUDA2GL\main.cpp" />
    <ClCompile Include="Samples\0_Introduction\simpleDrvRuntime\simpleDrvRuntime.cpp" />
    <ClCompile Include="Samples\0_Introduction\simpleMPI\simpleMPI.cpp" />
    <ClCompile Include="Samples\0_Introduction\simpleTemplates_nvrtc\simpleTemplates.cpp" />
    <ClCompile Include="Samples\0_Introduction\simpleTexture3D\simpleTexture3D.cpp" />
    <ClCompile Include="Samples\0_Introduction\simpleTextureDrv\simpleTextureDrv.cpp" />
    <ClCompile Include="Samples\0_Introduction\simpleVoteIntrinsics_nvrtc\simpleVoteIntrinsics.cpp" />
    <ClCompile Include="Samples\0_Introduction\template\template_cpu.cpp" />
    <ClCompile Include="Samples\0_Introduction\vectorAdd_nvrtc\vectorAdd.cpp" />
    <ClCompile Include="Samples\0_Introduction\vectorAddDrv\vectorAddDrv.cpp" />
    <ClCompile Include="Samples\0_Introduction\vectorAddMMAP\multidevicealloc_memmap.cpp" />
    <ClCompile Include="Samples\0_Introduction\vectorAddMMAP\vectorAddMMAP.cpp" />
    <ClCompile Include="Samples\1_Utilities\deviceQuery\deviceQuery.cpp" />
    <ClCompile Include="Samples\1_Utilities\deviceQueryDrv\deviceQueryDrv.cpp" />
    <ClCompile Include="Samples\2_Concepts_and_Techniques\boxFilter\boxFilter.cpp" />
    <ClCompile Include="Samples\2_Concepts_and_Techniques\boxFilter\boxFilter_cpu.cpp" />
    <ClCompile Include="Samples\2_Concepts_and_Techniques\convolutionSeparable\convolutionSeparable_gold.cpp" />
    <ClCompile Include="Samples\2_Concepts_and_Techniques\convolutionSeparable\main.cpp" />
    <ClCompile Include="Samples\2_Concepts_and_Techniques\convolutionTexture\convolutionTexture_gold.cpp" />
    <ClCompile Include="Samples\2_Concepts_and_Techniques\convolutionTexture\main.cpp" />
    <ClCompile Include="Samples\2_Concepts_and_Techniques\cuHook\cuHook.cpp" />
    <ClCompile Include="Samples\2_Concepts_and_Techniques\cuHook\libcuhook.cpp" />
    <ClCompile Include="Samples\2_Concepts_and_Techniques\dct8x8\BmpUtil.cpp" />
    <ClCompile Include="Samples\2_Concepts_and_Techniques\dct8x8\DCT8x8_Gold.cpp" />
    <ClCompile Include="Samples\2_Concepts_and_Techniques\EGLStream_CUDA_CrossGPU\cuda_consumer.cpp" />
    <ClCompile Include="Samples\2_Concepts_and_Techniques\EGLStream_CUDA_CrossGPU\cuda_producer.cpp" />
    <ClCompile Include="Samples\2_Concepts_and_Techniques\EGLStream_CUDA_CrossGPU\eglstrm_common.cpp" />
    <ClCompile Include="Samples\2_Concepts_and_Techniques\EGLStream_CUDA_CrossGPU\main.cpp" />
    <ClCompile Include="Samples\2_Concepts_and_Techniques\EGLStream_CUDA_Interop\cuda_consumer.cpp" />
    <ClCompile Include="Samples\2_Concepts_and_Techniques\EGLStream_CUDA_Interop\cuda_producer.cpp" />
    <ClCompile Include="Samples\2_Concepts_and_Techniques\EGLStream_CUDA_Interop\eglstrm_common.cpp" />
    <ClCompile Include="Samples\2_Concepts_and_Techniques\EGLStream_CUDA_Interop\main.cpp" />
    <ClCompile Include="Samples\2_Concepts_and_Techniques\eigenvalues\gerschgorin.cpp" />
    <ClCompile Include="Samples\2_Concepts_and_Techniques\eigenvalues\matlab.cpp" />
    <ClCompile Include="Samples\2_Concepts_and_Techniques\FunctionPointers\FunctionPointers.cpp" />
    <ClCompile Include="Samples\2_Concepts_and_Techniques\histogram\histogram_gold.cpp" />
    <ClCompile Include="Samples\2_Concepts_and_Techniques\histogram\main.cpp" />
    <ClCompile Include="Samples\2_Concepts_and_Techniques\imageDenoising\bmploader.cpp" />
    <ClCompile Include="Samples\2_Concepts_and_Techniques\imageDenoising\imageDenoisingGL.cpp" />
    <ClCompile Include="Samples\2_Concepts_and_Techniques\inlinePTX_nvrtc\inlinePTX.cpp" />
    <ClCompile Include="Samples\2_Concepts_and_Techniques\MC_EstimatePiInlineP\src\main.cpp" />
    <ClCompile Include="Samples\2_Concepts_and_Techniques\MC_EstimatePiInlineP\src\test.cpp" />
    <ClCompile Include="Samples\2_Concepts_and_Techniques\MC_EstimatePiInlineQ\src\main.cpp" />
    <ClCompile Include="Samples\2_Concepts_and_Techniques\MC_EstimatePiInlineQ\src\test.cpp" />
    <ClCompile Include="Samples\2_Concepts_and_Techniques\MC_EstimatePiP\src\main.cpp" />
    <ClCompile Include="Samples\2_Concepts_and_Techniques\MC_EstimatePiP\src\test.cpp" />
    <ClCompile Include="Samples\2_Concepts_and_Techniques\MC_EstimatePiQ\src\main.cpp" />
    <ClCompile Include="Samples\2_Concepts_and_Techniques\MC_EstimatePiQ\src\test.cpp" />
    <ClCompile Include="Samples\2_Concepts_and_Techniques\MC_SingleAsianOptionP\src\main.cpp" />
    <ClCompile Include="Samples\2_Concepts_and_Techniques\MC_SingleAsianOptionP\src\test.cpp" />
    <ClCompile Include="Samples\2_Concepts_and_Techniques\particles\particles.cpp" />
    <ClCompile Include="Samples\2_Concepts_and_Techniques\particles\particleSystem.cpp" />
    <ClCompile Include="Samples\2_Concepts_and_Techniques\particles\render_particles.cpp" />
    <ClCompile Include="Samples\2_Concepts_and_Techniques\particles\shaders.cpp" />
    <ClCompile Include="Samples\2_Concepts_and_Techniques\reduction\reduction.cpp" />
    <ClCompile Include="Samples\2_Concepts_and_Techniques\scalarProd\scalarProd_cpu.cpp" />
    <ClCompile Include="Samples\2_Concepts_and_Techniques\scan\main.cpp" />
    <ClCompile Include="Samples\2_Concepts_and_Techniques\scan\scan_gold.cpp" />
    <ClCompile Include="Samples\2_Concepts_and_Techniques\sortingNetworks\main.cpp" />
    <ClCompile Include="Samples\2_Concepts_and_Techniques\sortingNetworks\sortingNetworks_validate.cpp" />
    <ClCompile Include="Samples\2_Concepts_and_Techniques\threadMigration\threadMigration.cpp" />
    <ClCompile Include="Samples\3_CUDA_Features\bindlessTexture\bindlessTexture.cpp" />
    <ClCompile Include="Samples\3_CUDA_Features\cudaCompressibleMemory\compMalloc.cpp" />
    <ClCompile Include="Samples\3_CUDA_Features\jacobiCudaGraphs\main.cpp" />
    <ClCompile Include="Samples\3_CUDA_Features\memMapIPCDrv\memMapIpc.cpp" />
    <ClCompile Include="Samples\3_CUDA_Features\ptxjit\ptxjit.cpp" />
    <ClCompile Include="Samples\4_CUDA_Libraries\batchCUBLAS\batchCUBLAS.cpp" />
    <ClCompile Include="Samples\4_CUDA_Libraries\batchedLabelMarkersAndLabelCompressionNPP\batchedLabelMarkersAndLabelCompressionNPP.cpp" />
    <ClCompile Include="Samples\4_CUDA_Libraries\boxFilterNPP\boxFilterNPP.cpp" />
    <ClCompile Include="Samples\4_CUDA_Libraries\cannyEdgeDetectorNPP\cannyEdgeDetectorNPP.cpp" />
    <ClCompile Include="Samples\4_CUDA_Libraries\conjugateGradient\main.cpp" />
    <ClCompile Include="Samples\4_CUDA_Libraries\conjugateGradientPrecond\main.cpp" />
    <ClCompile Include="Samples\4_CUDA_Libraries\conjugateGradientUM\main.cpp" />
    <ClCompile Include="Samples\4_CUDA_Libraries\cudaNvSci\cudaNvSci.cpp" />
    <ClCompile Include="Samples\4_CUDA_Libraries\cudaNvSci\main.cpp" />
    <ClCompile Include="Samples\4_CUDA_Libraries\cudaNvSciNvMedia\nvmedia_utils\cmdline.cpp" />
    <ClCompile Include="Samples\4_CUDA_Libraries\cudaNvSciNvMedia\nvmedia_utils\config_parser.cpp" />
    <ClCompile Include="Samples\4_CUDA_Libraries\cudaNvSciNvMedia\nvmedia_utils\image_utils.cpp" />
    <ClCompile Include="Samples\4_CUDA_Libraries\cudaNvSciNvMedia\nvmedia_utils\log_utils.cpp" />
    <ClCompile Include="Samples\4_CUDA_Libraries\cudaNvSciNvMedia\nvmedia_utils\misc_utils.cpp" />
    <ClCompile Include="Samples\4_CUDA_Libraries\cudaNvSciNvMedia\main.cpp" />
    <ClCompile Include="Samples\4_CUDA_Libraries\cudaNvSciNvMedia\nvmedia_producer.cpp" />
    <ClCompile Include="Samples\4_CUDA_Libraries\cudaNvSciNvMedia\nvsci_setup.cpp" />
    <ClCompile Include="Samples\4_CUDA_Libraries\cuDLAStandaloneMode\main.cpp" />
    <ClCompile Include="Samples\4_CUDA_Libraries\cuSolverDn_LinearSolver\cuSolverDn_LinearSolver.cpp" />
    <ClCompile Include="Samples\4_CUDA_Libraries\cuSolverDn_LinearSolver\mmio.c" />
    <ClCompile Include="Samples\4_CUDA_Libraries\cuSolverDn_LinearSolver\mmio_wrapper.cpp" />
    <ClCompile Include="Samples\4_CUDA_Libraries\cuSolverRf\cuSolverRf.cpp" />
    <ClCompile Include="Samples\4_CUDA_Libraries\cuSolverRf\mmio.c" />
    <ClCompile Include="Samples\4_CUDA_Libraries\cuSolverRf\mmio_wrapper.cpp" />
    <ClCompile Include="Samples\4_CUDA_Libraries\cuSolverSp_LinearSolver\cuSolverSp_LinearSolver.cpp" />
    <ClCompile Include="Samples\4_CUDA_Libraries\cuSolverSp_LinearSolver\mmio.c" />
    <ClCompile Include="Samples\4_CUDA_Libraries\cuSolverSp_LinearSolver\mmio_wrapper.cpp" />
    <ClCompile Include="Samples\4_CUDA_Libraries\cuSolverSp_LowlevelCholesky\cuSolverSp_LowlevelCholesky.cpp" />
    <ClCompile Include="Samples\4_CUDA_Libraries\cuSolverSp_LowlevelCholesky\mmio.c" />
    <ClCompile Include="Samples\4_CUDA_Libraries\cuSolverSp_LowlevelCholesky\mmio_wrapper.cpp" />
    <ClCompile Include="Samples\4_CUDA_Libraries\cuSolverSp_LowlevelQR\cuSolverSp_LowlevelQR.cpp" />
    <ClCompile Include="Samples\4_CUDA_Libraries\cuSolverSp_LowlevelQR\mmio.c" />
    <ClCompile Include="Samples\4_CUDA_Libraries\cuSolverSp_LowlevelQR\mmio_wrapper.cpp" />
    <ClCompile Include="Samples\4_CUDA_Libraries\FilterBorderControlNPP\FilterBorderControlNPP.cpp" />
    <ClCompile Include="Samples\4_CUDA_Libraries\freeImageInteropNPP\freeImageInteropNPP.cpp" />
    <ClCompile Include="Samples\4_CUDA_Libraries\histEqualizationNPP\histEqualizationNPP.cpp" />
    <ClCompile Include="Samples\4_CUDA_Libraries\matrixMulCUBLAS\matrixMulCUBLAS.cpp" />
    <ClCompile Include="Samples\4_CUDA_Libraries\MersenneTwisterGP11213\MersenneTwister.cpp" />
    <ClCompile Include="Samples\4_CUDA_Libraries\nvJPEG\nvJPEG.cpp" />
    <ClCompile Include="Samples\4_CUDA_Libraries\nvJPEG_encoder\nvJPEG_encoder.cpp" />
    <ClCompile Include="Samples\4_CUDA_Libraries\oceanFFT\oceanFFT.cpp" />
    <ClCompile Include="Samples\4_CUDA_Libraries\randomFog\randomFog.cpp" />
    <ClCompile Include="Samples\4_CUDA_Libraries\randomFog\rng.cpp" />
    <ClCompile Include="Samples\4_CUDA_Libraries\simpleCUBLAS\simpleCUBLAS.cpp" />
    <ClCompile Include="Samples\4_CUDA_Libraries\simpleCUBLAS_LU\simpleCUBLAS_LU.cpp" />
    <ClCompile Include="Samples\4_CUDA_Libraries\simpleCUBLASXT\simpleCUBLASXT.cpp" />
    <ClCompile Include="Samples\4_CUDA_Libraries\watershedSegmentationNPP\watershedSegmentationNPP.cpp" />
    <ClCompile Include="Samples\5_Domain_Specific\bicubicTexture\bicubicTexture.cpp" />
    <ClCompile Include="Samples\5_Domain_Specific\bilateralFilter\bilateralFilter.cpp" />
    <ClCompile Include="Samples\5_Domain_Specific\bilateralFilter\bilateralFilter_cpu.cpp" />
    <ClCompile Include="Samples\5_Domain_Specific\bilateralFilter\bmploader.cpp" />
    <ClCompile Include="Samples\5_Domain_Specific\binomialOptions\binomialOptions.cpp" />
    <ClCompile Include="Samples\5_Domain_Specific\binomialOptions\binomialOptions_gold.cpp" />
    <ClCompile Include="Samples\5_Domain_Specific\binomialOptions_nvrtc\binomialOptions.cpp" />
    <ClCompile Include="Samples\5_Domain_Specific\binomialOptions_nvrtc\binomialOptions_gold.cpp" />
    <ClCompile Include="Samples\5_Domain_Specific\binomialOptions_nvrtc\binomialOptions_gpu.cpp" />
    <ClCompile Include="Samples\5_Domain_Specific\BlackScholes\BlackScholes_gold.cpp" />
    <ClCompile Include="Samples\5_Domain_Specific\BlackScholes_nvrtc\BlackScholes.cpp" />
    <ClCompile Include="Samples\5_Domain_Specific\BlackScholes_nvrtc\BlackScholes_gold.cpp" />
    <ClCompile Include="Samples\5_Domain_Specific\convolutionFFT2D\convolutionFFT2D_gold.cpp" />
    <ClCompile Include="Samples\5_Domain_Specific\convolutionFFT2D\main.cpp" />
    <ClCompile Include="Samples\5_Domain_Specific\fastWalshTransform\fastWalshTransform_gold.cpp" />
    <ClCompile Include="Samples\5_Domain_Specific\FDTD3d\src\FDTD3d.cpp" />
    <ClCompile Include="Samples\5_Domain_Specific\FDTD3d\src\FDTD3dReference.cpp" />
    <ClCompile Include="Samples\5_Domain_Specific\fluidsD3D9\fluidsD3D9.cpp" />
    <ClCompile Include="Samples\5_Domain_Specific\fluidsGL\fluidsGL.cpp" />
    <ClCompile Include="Samples\5_Domain_Specific\fluidsGLES\fluidsGLES.cpp" />
    <ClCompile Include="Samples\5_Domain_Specific\HSOpticalFlow\flowGold.cpp" />
    <ClCompile Include="Samples\5_Domain_Specific\HSOpticalFlow\main.cpp" />
    <ClCompile Include="Samples\5_Domain_Specific\Mandelbrot\Mandelbrot.cpp" />
    <ClCompile Include="Samples\5_Domain_Specific\Mandelbrot\Mandelbrot_gold.cpp" />
    <ClCompile Include="Samples\5_Domain_Specific\marchingCubes\marchingCubes.cpp" />
    <ClCompile Include="Samples\5_Domain_Specific\MonteCarloMultiGPU\MonteCarlo_gold.cpp" />
    <ClCompile Include="Samples\5_Domain_Specific\MonteCarloMultiGPU\MonteCarloMultiGPU.cpp" />
    <ClCompile Include="Samples\5_Domain_Specific\MonteCarloMultiGPU\multithreading.cpp" />
    <ClCompile Include="Samples\5_Domain_Specific\nbody\nbody.cpp" />
    <ClCompile Include="Samples\5_Domain_Specific\nbody\render_particles.cpp" />
    <ClCompile Include="Samples\5_Domain_Specific\nbody_opengles\nbody_opengles.cpp" />
    <ClCompile Include="Samples\5_Domain_Specific\nbody_opengles\render_particles.cpp" />
    <ClCompile Include="Samples\5_Domain_Specific\nbody_screen\nbody_screen.cpp" />
    <ClCompile Include="Samples\5_Domain_Specific\nbody_screen\render_particles.cpp" />
    <ClCompile Include="Samples\5_Domain_Specific\NV12toBGRandResize\resize_convert_main.cpp" />
    <ClCompile Include="Samples\5_Domain_Specific\postProcessGL\main.cpp" />
    <ClCompile Include="Samples\5_Domain_Specific\quasirandomGenerator\quasirandomGenerator.cpp" />
    <ClCompile Include="Samples\5_Domain_Specific\quasirandomGenerator\quasirandomGenerator_gold.cpp" />
    <ClCompile Include="Samples\5_Domain_Specific\quasirandomGenerator_nvrtc\quasirandomGenerator.cpp" />
    <ClCompile Include="Samples\5_Domain_Specific\quasirandomGenerator_nvrtc\quasirandomGenerator_gold.cpp" />
    <ClCompile Include="Samples\5_Domain_Specific\recursiveGaussian\recursiveGaussian.cpp" />
    <ClCompile Include="Samples\5_Domain_Specific\simpleD3D9\simpleD3D9.cpp" />
    <ClCompile Include="Samples\5_Domain_Specific\simpleD3D9Texture\simpleD3D9Texture.cpp" />
    <ClCompile Include="Samples\5_Domain_Specific\simpleD3D10\simpleD3D10.cpp" />
    <ClCompile Include="Samples\5_Domain_Specific\simpleD3D10RenderTarget\simpleD3D10RenderTarget.cpp" />
    <ClCompile Include="Samples\5_Domain_Specific\simpleD3D10Texture\simpleD3D10Texture.cpp" />
    <ClCompile Include="Samples\5_Domain_Specific\simpleD3D11\simpleD3D11.cpp" />
    <ClCompile Include="Samples\5_Domain_Specific\simpleD3D11Texture\simpleD3D11Texture.cpp" />
    <ClCompile Include="Samples\5_Domain_Specific\simpleD3D12\DX12CudaSample.cpp" />
    <ClCompile Include="Samples\5_Domain_Specific\simpleD3D12\Main.cpp" />
    <ClCompile Include="Samples\5_Domain_Specific\simpleD3D12\simpleD3D12.cpp" />
    <ClCompile Include="Samples\5_Domain_Specific\simpleD3D12\stdafx.cpp" />
    <ClCompile Include="Samples\5_Domain_Specific\simpleD3D12\Win32Application.cpp" />
    <ClCompile Include="Samples\5_Domain_Specific\simpleGLES\graphics_interface.c" />
    <ClCompile Include="Samples\5_Domain_Specific\simpleGLES_EGLOutput\graphics_interface_egloutput_via_egl.c" />
    <ClCompile Include="Samples\5_Domain_Specific\simpleGLES_screen\graphics_interface.c" />
    <ClCompile Include="Samples\5_Domain_Specific\simpleVulkan\main.cpp" />
    <ClCompile Include="Samples\5_Domain_Specific\simpleVulkan\VulkanBaseApp.cpp" />
    <ClCompile Include="Samples\5_Domain_Specific\simpleVulkanMMAP\main.cpp" />
    <ClCompile Include="Samples\5_Domain_Specific\simpleVulkanMMAP\VulkanBaseApp.cpp" />
    <ClCompile Include="Samples\5_Domain_Specific\SLID3D10Texture\SLID3D10Texture.cpp" />
    <ClCompile Include="Samples\5_Domain_Specific\smokeParticles\framebufferObject.cpp" />
    <ClCompile Include="Samples\5_Domain_Specific\smokeParticles\GLSLProgram.cpp" />
    <ClCompile Include="Samples\5_Domain_Specific\smokeParticles\particleDemo.cpp" />
    <ClCompile Include="Samples\5_Domain_Specific\smokeParticles\ParticleSystem.cpp" />
    <ClCompile Include="Samples\5_Domain_Specific\smokeParticles\renderbuffer.cpp" />
    <ClCompile Include="Samples\5_Domain_Specific\smokeParticles\SmokeRenderer.cpp" />
    <ClCompile Include="Samples\5_Domain_Specific\smokeParticles\SmokeShaders.cpp" />
    <ClCompile Include="Samples\5_Domain_Specific\SobelFilter\SobelFilter.cpp" />
    <ClCompile Include="Samples\5_Domain_Specific\SobolQRNG\sobol.cpp" />
    <ClCompile Include="Samples\5_Domain_Specific\SobolQRNG\sobol_gold.cpp" />
    <ClCompile Include="Samples\5_Domain_Specific\SobolQRNG\sobol_primitives.cpp" />
    <ClCompile Include="Samples\5_Domain_Specific\VFlockingD3D10\VFlockingD3D10.cpp" />
    <ClCompile Include="Samples\5_Domain_Specific\volumeFiltering\volume.cpp" />
    <ClCompile Include="Samples\5_Domain_Specific\volumeFiltering\volumeFiltering.cpp" />
    <ClCompile Include="Samples\5_Domain_Specific\volumeRender\volumeRender.cpp" />
    <ClCompile Include="Samples\6_Performance\UnifiedMemoryPerf\helperFunctions.cpp" />
  </ItemGroup>
  <ItemGroup>
    <Library Include="Helpers\lib\x64\freeglut.lib" />
    <Library Include="Helpers\lib\x64\glew64.lib" />
  </ItemGroup>
</Project>